// !$*UTF8*$!
{
	archiveVersion = 1;
	classes = {
	};
	objectVersion = 56;
	objects = {

/* Begin PBXBuildFile section */
		299E6F14292CDEF60068EF94 /* FillMyCycleApp.swift in Sources */ = {isa = PBXBuildFile; fileRef = 299E6F13292CDEF60068EF94 /* FillMyCycleApp.swift */; };
		299E6F18292CDEF80068EF94 /* Assets.xcassets in Resources */ = {isa = PBXBuildFile; fileRef = 299E6F17292CDEF80068EF94 /* Assets.xcassets */; };
		299E6F1B292CDEF80068EF94 /* Preview Assets.xcassets in Resources */ = {isa = PBXBuildFile; fileRef = 299E6F1A292CDEF80068EF94 /* Preview Assets.xcassets */; };
		299E6F22292CDFDD0068EF94 /* HomeView.swift in Sources */ = {isa = PBXBuildFile; fileRef = 299E6F21292CDFDD0068EF94 /* HomeView.swift */; };
		299E6F24292CE01B0068EF94 /* HelpView.swift in Sources */ = {isa = PBXBuildFile; fileRef = 299E6F23292CE01B0068EF94 /* HelpView.swift */; };
		299E6F27292CE0490068EF94 /* NumbersOnly.swift in Sources */ = {isa = PBXBuildFile; fileRef = 299E6F26292CE0490068EF94 /* NumbersOnly.swift */; };
		299E6F29292CE0630068EF94 /* Sheet.swift in Sources */ = {isa = PBXBuildFile; fileRef = 299E6F28292CE0630068EF94 /* Sheet.swift */; };
		299E6F2B292CE0820068EF94 /* CycleView.swift in Sources */ = {isa = PBXBuildFile; fileRef = 299E6F2A292CE0820068EF94 /* CycleView.swift */; };
		299E6F2D292CE0990068EF94 /* LabSheetIndex.swift in Sources */ = {isa = PBXBuildFile; fileRef = 299E6F2C292CE0990068EF94 /* LabSheetIndex.swift */; };
		299E6F2F292CE0AC0068EF94 /* EvalSheetIndex.swift in Sources */ = {isa = PBXBuildFile; fileRef = 299E6F2E292CE0AC0068EF94 /* EvalSheetIndex.swift */; };
		299E6F31292CE0C00068EF94 /* ResultView.swift in Sources */ = {isa = PBXBuildFile; fileRef = 299E6F30292CE0C00068EF94 /* ResultView.swift */; };
/* End PBXBuildFile section */

/* Begin PBXFileReference section */
		299E6F10292CDEF60068EF94 /* FillMyCycle.app */ = {isa = PBXFileReference; explicitFileType = wrapper.application; includeInIndex = 0; path = FillMyCycle.app; sourceTree = BUILT_PRODUCTS_DIR; };
		299E6F13292CDEF60068EF94 /* FillMyCycleApp.swift */ = {isa = PBXFileReference; lastKnownFileType = sourcecode.swift; path = FillMyCycleApp.swift; sourceTree = "<group>"; };
		299E6F17292CDEF80068EF94 /* Assets.xcassets */ = {isa = PBXFileReference; lastKnownFileType = folder.assetcatalog; path = Assets.xcassets; sourceTree = "<group>"; };
		299E6F1A292CDEF80068EF94 /* Preview Assets.xcassets */ = {isa = PBXFileReference; lastKnownFileType = folder.assetcatalog; path = "Preview Assets.xcassets"; sourceTree = "<group>"; };
		299E6F21292CDFDD0068EF94 /* HomeView.swift */ = {isa = PBXFileReference; lastKnownFileType = sourcecode.swift; path = HomeView.swift; sourceTree = "<group>"; };
		299E6F23292CE01B0068EF94 /* HelpView.swift */ = {isa = PBXFileReference; lastKnownFileType = sourcecode.swift; path = HelpView.swift; sourceTree = "<group>"; };
		299E6F26292CE0490068EF94 /* NumbersOnly.swift */ = {isa = PBXFileReference; lastKnownFileType = sourcecode.swift; path = NumbersOnly.swift; sourceTree = "<group>"; };
		299E6F28292CE0630068EF94 /* Sheet.swift */ = {isa = PBXFileReference; lastKnownFileType = sourcecode.swift; path = Sheet.swift; sourceTree = "<group>"; };
		299E6F2A292CE0820068EF94 /* CycleView.swift */ = {isa = PBXFileReference; lastKnownFileType = sourcecode.swift; path = CycleView.swift; sourceTree = "<group>"; };
		299E6F2C292CE0990068EF94 /* LabSheetIndex.swift */ = {isa = PBXFileReference; lastKnownFileType = sourcecode.swift; path = LabSheetIndex.swift; sourceTree = "<group>"; };
		299E6F2E292CE0AC0068EF94 /* EvalSheetIndex.swift */ = {isa = PBXFileReference; lastKnownFileType = sourcecode.swift; path = EvalSheetIndex.swift; sourceTree = "<group>"; };
		299E6F30292CE0C00068EF94 /* ResultView.swift */ = {isa = PBXFileReference; lastKnownFileType = sourcecode.swift; path = ResultView.swift; sourceTree = "<group>"; };
/* End PBXFileReference section */

/* Begin PBXFrameworksBuildPhase section */
		299E6F0D292CDEF60068EF94 /* Frameworks */ = {
			isa = PBXFrameworksBuildPhase;
			buildActionMask = 2147483647;
			files = (
			);
			runOnlyForDeploymentPostprocessing = 0;
		};
/* End PBXFrameworksBuildPhase section */

/* Begin PBXGroup section */
		299E6F07292CDEF60068EF94 = {
			isa = PBXGroup;
			children = (
				299E6F12292CDEF60068EF94 /* FillMyCycle */,
				299E6F11292CDEF60068EF94 /* Products */,
			);
			sourceTree = "<group>";
		};
		299E6F11292CDEF60068EF94 /* Products */ = {
			isa = PBXGroup;
			children = (
				299E6F10292CDEF60068EF94 /* FillMyCycle.app */,
			);
			name = Products;
			sourceTree = "<group>";
		};
		299E6F12292CDEF60068EF94 /* FillMyCycle */ = {
			isa = PBXGroup;
			children = (
				299E6F25292CE0390068EF94 /* Models */,
				299E6F13292CDEF60068EF94 /* FillMyCycleApp.swift */,
				299E6F23292CE01B0068EF94 /* HelpView.swift */,
				299E6F17292CDEF80068EF94 /* Assets.xcassets */,
				299E6F19292CDEF80068EF94 /* Preview Content */,
				299E6F21292CDFDD0068EF94 /* HomeView.swift */,
				299E6F2A292CE0820068EF94 /* CycleView.swift */,
				299E6F2C292CE0990068EF94 /* LabSheetIndex.swift */,
				299E6F2E292CE0AC0068EF94 /* EvalSheetIndex.swift */,
				299E6F30292CE0C00068EF94 /* ResultView.swift */,
			);
			path = FillMyCycle;
			sourceTree = "<group>";
		};
		299E6F19292CDEF80068EF94 /* Preview Content */ = {
			isa = PBXGroup;
			children = (
				299E6F1A292CDEF80068EF94 /* Preview Assets.xcassets */,
			);
			path = "Preview Content";
			sourceTree = "<group>";
		};
		299E6F25292CE0390068EF94 /* Models */ = {
			isa = PBXGroup;
			children = (
				299E6F26292CE0490068EF94 /* NumbersOnly.swift */,
				299E6F28292CE0630068EF94 /* Sheet.swift */,
			);
			path = Models;
			sourceTree = "<group>";
		};
/* End PBXGroup section */

/* Begin PBXNativeTarget section */
		299E6F0F292CDEF60068EF94 /* FillMyCycle */ = {
			isa = PBXNativeTarget;
			buildConfigurationList = 299E6F1E292CDEF80068EF94 /* Build configuration list for PBXNativeTarget "FillMyCycle" */;
			buildPhases = (
				299E6F0C292CDEF60068EF94 /* Sources */,
				299E6F0D292CDEF60068EF94 /* Frameworks */,
				299E6F0E292CDEF60068EF94 /* Resources */,
			);
			buildRules = (
			);
			dependencies = (
			);
			name = FillMyCycle;
			productName = FillMyCycle;
			productReference = 299E6F10292CDEF60068EF94 /* FillMyCycle.app */;
			productType = "com.apple.product-type.application";
		};
/* End PBXNativeTarget section */

/* Begin PBXProject section */
		299E6F08292CDEF60068EF94 /* Project object */ = {
			isa = PBXProject;
			attributes = {
				BuildIndependentTargetsInParallel = 1;
				LastSwiftUpdateCheck = 1410;
				LastUpgradeCheck = 1410;
				TargetAttributes = {
					299E6F0F292CDEF60068EF94 = {
						CreatedOnToolsVersion = 14.1;
					};
				};
			};
			buildConfigurationList = 299E6F0B292CDEF60068EF94 /* Build configuration list for PBXProject "FillMyCycle" */;
			compatibilityVersion = "Xcode 14.0";
			developmentRegion = en;
			hasScannedForEncodings = 0;
			knownRegions = (
				en,
				Base,
			);
			mainGroup = 299E6F07292CDEF60068EF94;
			productRefGroup = 299E6F11292CDEF60068EF94 /* Products */;
			projectDirPath = "";
			projectRoot = "";
			targets = (
				299E6F0F292CDEF60068EF94 /* FillMyCycle */,
			);
		};
/* End PBXProject section */

/* Begin PBXResourcesBuildPhase section */
		299E6F0E292CDEF60068EF94 /* Resources */ = {
			isa = PBXResourcesBuildPhase;
			buildActionMask = 2147483647;
			files = (
				299E6F1B292CDEF80068EF94 /* Preview Assets.xcassets in Resources */,
				299E6F18292CDEF80068EF94 /* Assets.xcassets in Resources */,
			);
			runOnlyForDeploymentPostprocessing = 0;
		};
/* End PBXResourcesBuildPhase section */

/* Begin PBXSourcesBuildPhase section */
		299E6F0C292CDEF60068EF94 /* Sources */ = {
			isa = PBXSourcesBuildPhase;
			buildActionMask = 2147483647;
			files = (
				299E6F2F292CE0AC0068EF94 /* EvalSheetIndex.swift in Sources */,
				299E6F29292CE0630068EF94 /* Sheet.swift in Sources */,
				299E6F31292CE0C00068EF94 /* ResultView.swift in Sources */,
				299E6F14292CDEF60068EF94 /* FillMyCycleApp.swift in Sources */,
				299E6F24292CE01B0068EF94 /* HelpView.swift in Sources */,
				299E6F2B292CE0820068EF94 /* CycleView.swift in Sources */,
				299E6F2D292CE0990068EF94 /* LabSheetIndex.swift in Sources */,
				299E6F27292CE0490068EF94 /* NumbersOnly.swift in Sources */,
				299E6F22292CDFDD0068EF94 /* HomeView.swift in Sources */,
			);
			runOnlyForDeploymentPostprocessing = 0;
		};
/* End PBXSourcesBuildPhase section */

/* Begin XCBuildConfiguration section */
		299E6F1C292CDEF80068EF94 /* Debug */ = {
			isa = XCBuildConfiguration;
			buildSettings = {
				ALWAYS_SEARCH_USER_PATHS = NO;
				CLANG_ANALYZER_NONNULL = YES;
				CLANG_ANALYZER_NUMBER_OBJECT_CONVERSION = YES_AGGRESSIVE;
				CLANG_CXX_LANGUAGE_STANDARD = "gnu++20";
				CLANG_ENABLE_MODULES = YES;
				CLANG_ENABLE_OBJC_ARC = YES;
				CLANG_ENABLE_OBJC_WEAK = YES;
				CLANG_WARN_BLOCK_CAPTURE_AUTORELEASING = YES;
				CLANG_WARN_BOOL_CONVERSION = YES;
				CLANG_WARN_COMMA = YES;
				CLANG_WARN_CONSTANT_CONVERSION = YES;
				CLANG_WARN_DEPRECATED_OBJC_IMPLEMENTATIONS = YES;
				CLANG_WARN_DIRECT_OBJC_ISA_USAGE = YES_ERROR;
				CLANG_WARN_DOCUMENTATION_COMMENTS = YES;
				CLANG_WARN_EMPTY_BODY = YES;
				CLANG_WARN_ENUM_CONVERSION = YES;
				CLANG_WARN_INFINITE_RECURSION = YES;
				CLANG_WARN_INT_CONVERSION = YES;
				CLANG_WARN_NON_LITERAL_NULL_CONVERSION = YES;
				CLANG_WARN_OBJC_IMPLICIT_RETAIN_SELF = YES;
				CLANG_WARN_OBJC_LITERAL_CONVERSION = YES;
				CLANG_WARN_OBJC_ROOT_CLASS = YES_ERROR;
				CLANG_WARN_QUOTED_INCLUDE_IN_FRAMEWORK_HEADER = YES;
				CLANG_WARN_RANGE_LOOP_ANALYSIS = YES;
				CLANG_WARN_STRICT_PROTOTYPES = YES;
				CLANG_WARN_SUSPICIOUS_MOVE = YES;
				CLANG_WARN_UNGUARDED_AVAILABILITY = YES_AGGRESSIVE;
				CLANG_WARN_UNREACHABLE_CODE = YES;
				CLANG_WARN__DUPLICATE_METHOD_MATCH = YES;
				COPY_PHASE_STRIP = NO;
				DEBUG_INFORMATION_FORMAT = dwarf;
				ENABLE_STRICT_OBJC_MSGSEND = YES;
				ENABLE_TESTABILITY = YES;
				GCC_C_LANGUAGE_STANDARD = gnu11;
				GCC_DYNAMIC_NO_PIC = NO;
				GCC_NO_COMMON_BLOCKS = YES;
				GCC_OPTIMIZATION_LEVEL = 0;
				GCC_PREPROCESSOR_DEFINITIONS = (
					"DEBUG=1",
					"$(inherited)",
				);
				GCC_WARN_64_TO_32_BIT_CONVERSION = YES;
				GCC_WARN_ABOUT_RETURN_TYPE = YES_ERROR;
				GCC_WARN_UNDECLARED_SELECTOR = YES;
				GCC_WARN_UNINITIALIZED_AUTOS = YES_AGGRESSIVE;
				GCC_WARN_UNUSED_FUNCTION = YES;
				GCC_WARN_UNUSED_VARIABLE = YES;
				IPHONEOS_DEPLOYMENT_TARGET = 16.1;
				MTL_ENABLE_DEBUG_INFO = INCLUDE_SOURCE;
				MTL_FAST_MATH = YES;
				ONLY_ACTIVE_ARCH = YES;
				SDKROOT = iphoneos;
				SWIFT_ACTIVE_COMPILATION_CONDITIONS = DEBUG;
				SWIFT_OPTIMIZATION_LEVEL = "-Onone";
			};
			name = Debug;
		};
		299E6F1D292CDEF80068EF94 /* Release */ = {
			isa = XCBuildConfiguration;
			buildSettings = {
				ALWAYS_SEARCH_USER_PATHS = NO;
				CLANG_ANALYZER_NONNULL = YES;
				CLANG_ANALYZER_NUMBER_OBJECT_CONVERSION = YES_AGGRESSIVE;
				CLANG_CXX_LANGUAGE_STANDARD = "gnu++20";
				CLANG_ENABLE_MODULES = YES;
				CLANG_ENABLE_OBJC_ARC = YES;
				CLANG_ENABLE_OBJC_WEAK = YES;
				CLANG_WARN_BLOCK_CAPTURE_AUTORELEASING = YES;
				CLANG_WARN_BOOL_CONVERSION = YES;
				CLANG_WARN_COMMA = YES;
				CLANG_WARN_CONSTANT_CONVERSION = YES;
				CLANG_WARN_DEPRECATED_OBJC_IMPLEMENTATIONS = YES;
				CLANG_WARN_DIRECT_OBJC_ISA_USAGE = YES_ERROR;
				CLANG_WARN_DOCUMENTATION_COMMENTS = YES;
				CLANG_WARN_EMPTY_BODY = YES;
				CLANG_WARN_ENUM_CONVERSION = YES;
				CLANG_WARN_INFINITE_RECURSION = YES;
				CLANG_WARN_INT_CONVERSION = YES;
				CLANG_WARN_NON_LITERAL_NULL_CONVERSION = YES;
				CLANG_WARN_OBJC_IMPLICIT_RETAIN_SELF = YES;
				CLANG_WARN_OBJC_LITERAL_CONVERSION = YES;
				CLANG_WARN_OBJC_ROOT_CLASS = YES_ERROR;
				CLANG_WARN_QUOTED_INCLUDE_IN_FRAMEWORK_HEADER = YES;
				CLANG_WARN_RANGE_LOOP_ANALYSIS = YES;
				CLANG_WARN_STRICT_PROTOTYPES = YES;
				CLANG_WARN_SUSPICIOUS_MOVE = YES;
				CLANG_WARN_UNGUARDED_AVAILABILITY = YES_AGGRESSIVE;
				CLANG_WARN_UNREACHABLE_CODE = YES;
				CLANG_WARN__DUPLICATE_METHOD_MATCH = YES;
				COPY_PHASE_STRIP = NO;
				DEBUG_INFORMATION_FORMAT = "dwarf-with-dsym";
				ENABLE_NS_ASSERTIONS = NO;
				ENABLE_STRICT_OBJC_MSGSEND = YES;
				GCC_C_LANGUAGE_STANDARD = gnu11;
				GCC_NO_COMMON_BLOCKS = YES;
				GCC_WARN_64_TO_32_BIT_CONVERSION = YES;
				GCC_WARN_ABOUT_RETURN_TYPE = YES_ERROR;
				GCC_WARN_UNDECLARED_SELECTOR = YES;
				GCC_WARN_UNINITIALIZED_AUTOS = YES_AGGRESSIVE;
				GCC_WARN_UNUSED_FUNCTION = YES;
				GCC_WARN_UNUSED_VARIABLE = YES;
				IPHONEOS_DEPLOYMENT_TARGET = 16.1;
				MTL_ENABLE_DEBUG_INFO = NO;
				MTL_FAST_MATH = YES;
				SDKROOT = iphoneos;
				SWIFT_COMPILATION_MODE = wholemodule;
				SWIFT_OPTIMIZATION_LEVEL = "-O";
				VALIDATE_PRODUCT = YES;
			};
			name = Release;
		};
		299E6F1F292CDEF80068EF94 /* Debug */ = {
			isa = XCBuildConfiguration;
			buildSettings = {
				ASSETCATALOG_COMPILER_APPICON_NAME = AppIcon;
				ASSETCATALOG_COMPILER_GLOBAL_ACCENT_COLOR_NAME = AccentColor;
				CODE_SIGN_STYLE = Automatic;
				CURRENT_PROJECT_VERSION = 1;
				DEVELOPMENT_ASSET_PATHS = "\"FillMyCycle/Preview Content\"";
				DEVELOPMENT_TEAM = K75ZLWMD69;
				ENABLE_PREVIEWS = YES;
				GENERATE_INFOPLIST_FILE = YES;
				INFOPLIST_KEY_UIApplicationSceneManifest_Generation = YES;
				INFOPLIST_KEY_UIApplicationSupportsIndirectInputEvents = YES;
				INFOPLIST_KEY_UILaunchScreen_Generation = YES;
				INFOPLIST_KEY_UISupportedInterfaceOrientations_iPad = "UIInterfaceOrientationPortrait UIInterfaceOrientationPortraitUpsideDown UIInterfaceOrientationLandscapeLeft UIInterfaceOrientationLandscapeRight";
				INFOPLIST_KEY_UISupportedInterfaceOrientations_iPhone = "UIInterfaceOrientationPortrait UIInterfaceOrientationLandscapeLeft UIInterfaceOrientationLandscapeRight";
				LD_RUNPATH_SEARCH_PATHS = (
					"$(inherited)",
					"@executable_path/Frameworks",
				);
				MARKETING_VERSION = 1.0;
				PRODUCT_BUNDLE_IDENTIFIER = com.example.anam.FillMyCycle;
				PRODUCT_NAME = "$(TARGET_NAME)";
				SWIFT_EMIT_LOC_STRINGS = YES;
				SWIFT_VERSION = 5.0;
				TARGETED_DEVICE_FAMILY = "1,2";
			};
			name = Debug;
		};
		299E6F20292CDEF80068EF94 /* Release */ = {
			isa = XCBuildConfiguration;
			buildSettings = {
				ASSETCATALOG_COMPILER_APPICON_NAME = AppIcon;
				ASSETCATALOG_COMPILER_GLOBAL_ACCENT_COLOR_NAME = AccentColor;
				CODE_SIGN_STYLE = Automatic;
				CURRENT_PROJECT_VERSION = 1;
				DEVELOPMENT_ASSET_PATHS = "\"FillMyCycle/Preview Content\"";
				DEVELOPMENT_TEAM = K75ZLWMD69;
				ENABLE_PREVIEWS = YES;
				GENERATE_INFOPLIST_FILE = YES;
				INFOPLIST_KEY_UIApplicationSceneManifest_Generation = YES;
				INFOPLIST_KEY_UIApplicationSupportsIndirectInputEvents = YES;
				INFOPLIST_KEY_UILaunchScreen_Generation = YES;
				INFOPLIST_KEY_UISupportedInterfaceOrientations_iPad = "UIInterfaceOrientationPortrait UIInterfaceOrientationPortraitUpsideDown UIInterfaceOrientationLandscapeLeft UIInterfaceOrientationLandscapeRight";
				INFOPLIST_KEY_UISupportedInterfaceOrientations_iPhone = "UIInterfaceOrientationPortrait UIInterfaceOrientationLandscapeLeft UIInterfaceOrientationLandscapeRight";
				LD_RUNPATH_SEARCH_PATHS = (
					"$(inherited)",
					"@executable_path/Frameworks",
				);
				MARKETING_VERSION = 1.0;
				PRODUCT_BUNDLE_IDENTIFIER = com.example.anam.FillMyCycle;
				PRODUCT_NAME = "$(TARGET_NAME)";
				SWIFT_EMIT_LOC_STRINGS = YES;
				SWIFT_VERSION = 5.0;
				TARGETED_DEVICE_FAMILY = "1,2";
			};
			name = Release;
		};
/* End XCBuildConfiguration section */

/* Begin XCConfigurationList section */
		299E6F0B292CDEF60068EF94 /* Build configuration list for PBXProject "FillMyCycle" */ = {
			isa = XCConfigurationList;
			buildConfigurations = (
				299E6F1C292CDEF80068EF94 /* Debug */,
				299E6F1D292CDEF80068EF94 /* Release */,
			);
			defaultConfigurationIsVisible = 0;
			defaultConfigurationName = Release;
		};
		299E6F1E292CDEF80068EF94 /* Build configuration list for PBXNativeTarget "FillMyCycle" */ = {
			isa = XCConfigurationList;
			buildConfigurations = (
				299E6F1F292CDEF80068EF94 /* Debug */,
				299E6F20292CDEF80068EF94 /* Release */,
			);
			defaultConfigurationIsVisible = 0;
			defaultConfigurationName = Release;
		};
/* End XCConfigurationList section */
	};
	rootObject = 299E6F08292CDEF60068EF94 /* Project object */;
}
